
Microsoft Visual Studio Solution File, Format Version 12.00
# Visual Studio Version 17
VisualStudioVersion = 17.13.35919.96 d17.13
MinimumVisualStudioVersion = 10.0.40219.1
Project("{FAE04EC0-301F-11D3-BF4B-00C04F79EFBC}") = "Attributes", "Attributes\Attributes.csproj", "{F2E8C27C-2FD7-49E4-899A-95AB9E83F51D}"
EndProject
Project("{FAE04EC0-301F-11D3-BF4B-00C04F79EFBC}") = "Soma", "..\Matematica\Soma\Soma.csproj", "{A8122FEE-EDE4-4A9C-AD72-8FC6704A0FB4}"
EndProject
Project("{FAE04EC0-301F-11D3-BF4B-00C04F79EFBC}") = "Variaveis", "..\Variaveis\Variaveis\Variaveis.csproj", "{C8BB8ADB-D8AE-45B1-BA4A-76C762F2AC34}"
EndProject
Global
	GlobalSection(SolutionConfigurationPlatforms) = preSolution
		Debug|Any CPU = Debug|Any CPU
		Release|Any CPU = Release|Any CPU
	EndGlobalSection
	GlobalSection(ProjectConfigurationPlatforms) = postSolution
		{F2E8C27C-2FD7-49E4-899A-95AB9E83F51D}.Debug|Any CPU.ActiveCfg = Debug|Any CPU
		{F2E8C27C-2FD7-49E4-899A-95AB9E83F51D}.Debug|Any CPU.Build.0 = Debug|Any CPU
		{F2E8C27C-2FD7-49E4-899A-95AB9E83F51D}.Release|Any CPU.ActiveCfg = Release|Any CPU
		{F2E8C27C-2FD7-49E4-899A-95AB9E83F51D}.Release|Any CPU.Build.0 = Release|Any CPU
		{A8122FEE-EDE4-4A9C-AD72-8FC6704A0FB4}.Debug|Any CPU.ActiveCfg = Debug|Any CPU
		{A8122FEE-EDE4-4A9C-AD72-8FC6704A0FB4}.Debug|Any CPU.Build.0 = Debug|Any CPU
		{A8122FEE-EDE4-4A9C-AD72-8FC6704A0FB4}.Release|Any CPU.ActiveCfg = Release|Any CPU
		{A8122FEE-EDE4-4A9C-AD72-8FC6704A0FB4}.Release|Any CPU.Build.0 = Release|Any CPU
		{C8BB8ADB-D8AE-45B1-BA4A-76C762F2AC34}.Debug|Any CPU.ActiveCfg = Debug|Any CPU
		{C8BB8ADB-D8AE-45B1-BA4A-76C762F2AC34}.Debug|Any CPU.Build.0 = Debug|Any CPU
		{C8BB8ADB-D8AE-45B1-BA4A-76C762F2AC34}.Release|Any CPU.ActiveCfg = Release|Any CPU
		{C8BB8ADB-D8AE-45B1-BA4A-76C762F2AC34}.Release|Any CPU.Build.0 = Release|Any CPU
	EndGlobalSection
	GlobalSection(SolutionProperties) = preSolution
		HideSolutionNode = FALSE
	EndGlobalSection
	GlobalSection(ExtensibilityGlobals) = postSolution
		SolutionGuid = {3C4C380C-9F96-4471-9B84-A2E229A36F26}
	EndGlobalSection
EndGlobal
